
Microsoft Visual Studio Solution File, Format Version 12.00
# Visual Studio Version 17
VisualStudioVersion = 17.0.31903.59
MinimumVisualStudioVersion = 10.0.40219.1
Project("{2150E333-8FDC-42A3-9474-1A3956D46DE8}") = "src", "src", "{827E0CD3-B72D-47B6-A68D-7590B98EB39B}"
EndProject
Project("{FAE04EC0-301F-11D3-BF4B-00C04F79EFBC}") = "StudioScheduler.Client", "src\StudioScheduler.Client\StudioScheduler.Client.csproj", "{87D6A5B7-1BDD-434D-8478-2E8CC87ECF9D}"
EndProject
Project("{FAE04EC0-301F-11D3-BF4B-00C04F79EFBC}") = "StudioScheduler.Server", "src\StudioScheduler.Server\StudioScheduler.Server.csproj", "{2401D875-FFFB-40AB-9084-944E66C06426}"
EndProject
Project("{FAE04EC0-301F-11D3-BF4B-00C04F79EFBC}") = "StudioScheduler.Core", "src\StudioScheduler.Core\StudioScheduler.Core.csproj", "{52134999-7E9A-40B7-B18C-F97D73A21F8A}"
EndProject
Project("{FAE04EC0-301F-11D3-BF4B-00C04F79EFBC}") = "StudioScheduler.Infrastructure", "src\StudioScheduler.Infrastructure\StudioScheduler.Infrastructure.csproj", "{E0BAD7A7-67C2-4086-B6C6-9678BF45ED7B}"
EndProject
Project("{FAE04EC0-301F-11D3-BF4B-00C04F79EFBC}") = "StudioScheduler.Shared", "src\StudioScheduler.Shared\StudioScheduler.Shared.csproj", "{EBDEA537-2B69-4B67-9A28-4AD16CA70FA0}"
EndProject
Project("{2150E333-8FDC-42A3-9474-1A3956D46DE8}") = "tests", "tests", "{0AB3BF05-4346-4AA6-1389-037BE0695223}"
EndProject
Project("{FAE04EC0-301F-11D3-BF4B-00C04F79EFBC}") = "StudioScheduler.UnitTests", "tests\StudioScheduler.UnitTests\StudioScheduler.UnitTests.csproj", "{F51A1355-7578-419A-9B28-4F39244C930E}"
EndProject
Project("{FAE04EC0-301F-11D3-BF4B-00C04F79EFBC}") = "StudioScheduler.ReservationTests", "tests\StudioScheduler.ReservationTests\StudioScheduler.ReservationTests.csproj", "{34036B23-7E79-420C-8103-2A700EF51F16}"
EndProject
Project("{FAE04EC0-301F-11D3-BF4B-00C04F79EFBC}") = "StudioScheduler.IntegrationTests", "tests\StudioScheduler.IntegrationTests\StudioScheduler.IntegrationTests.csproj", "{7155708A-0B52-44EC-BE6B-6D25C8D47FA8}"
EndProject
Global
	GlobalSection(SolutionConfigurationPlatforms) = preSolution
		Debug|Any CPU = Debug|Any CPU
		Debug|x64 = Debug|x64
		Debug|x86 = Debug|x86
		Release|Any CPU = Release|Any CPU
		Release|x64 = Release|x64
		Release|x86 = Release|x86
	EndGlobalSection
	GlobalSection(ProjectConfigurationPlatforms) = postSolution
		{87D6A5B7-1BDD-434D-8478-2E8CC87ECF9D}.Debug|Any CPU.ActiveCfg = Debug|Any CPU
		{87D6A5B7-1BDD-434D-8478-2E8CC87ECF9D}.Debug|Any CPU.Build.0 = Debug|Any CPU
		{87D6A5B7-1BDD-434D-8478-2E8CC87ECF9D}.Debug|x64.ActiveCfg = Debug|Any CPU
		{87D6A5B7-1BDD-434D-8478-2E8CC87ECF9D}.Debug|x64.Build.0 = Debug|Any CPU
		{87D6A5B7-1BDD-434D-8478-2E8CC87ECF9D}.Debug|x86.ActiveCfg = Debug|Any CPU
		{87D6A5B7-1BDD-434D-8478-2E8CC87ECF9D}.Debug|x86.Build.0 = Debug|Any CPU
		{87D6A5B7-1BDD-434D-8478-2E8CC87ECF9D}.Release|Any CPU.ActiveCfg = Release|Any CPU
		{87D6A5B7-1BDD-434D-8478-2E8CC87ECF9D}.Release|Any CPU.Build.0 = Release|Any CPU
		{87D6A5B7-1BDD-434D-8478-2E8CC87ECF9D}.Release|x64.ActiveCfg = Release|Any CPU
		{87D6A5B7-1BDD-434D-8478-2E8CC87ECF9D}.Release|x64.Build.0 = Release|Any CPU
		{87D6A5B7-1BDD-434D-8478-2E8CC87ECF9D}.Release|x86.ActiveCfg = Release|Any CPU
		{87D6A5B7-1BDD-434D-8478-2E8CC87ECF9D}.Release|x86.Build.0 = Release|Any CPU
		{2401D875-FFFB-40AB-9084-944E66C06426}.Debug|Any CPU.ActiveCfg = Debug|Any CPU
		{2401D875-FFFB-40AB-9084-944E66C06426}.Debug|Any CPU.Build.0 = Debug|Any CPU
		{2401D875-FFFB-40AB-9084-944E66C06426}.Debug|x64.ActiveCfg = Debug|Any CPU
		{2401D875-FFFB-40AB-9084-944E66C06426}.Debug|x64.Build.0 = Debug|Any CPU
		{2401D875-FFFB-40AB-9084-944E66C06426}.Debug|x86.ActiveCfg = Debug|Any CPU
		{2401D875-FFFB-40AB-9084-944E66C06426}.Debug|x86.Build.0 = Debug|Any CPU
		{2401D875-FFFB-40AB-9084-944E66C06426}.Release|Any CPU.ActiveCfg = Release|Any CPU
		{2401D875-FFFB-40AB-9084-944E66C06426}.Release|Any CPU.Build.0 = Release|Any CPU
		{2401D875-FFFB-40AB-9084-944E66C06426}.Release|x64.ActiveCfg = Release|Any CPU
		{2401D875-FFFB-40AB-9084-944E66C06426}.Release|x64.Build.0 = Release|Any CPU
		{2401D875-FFFB-40AB-9084-944E66C06426}.Release|x86.ActiveCfg = Release|Any CPU
		{2401D875-FFFB-40AB-9084-944E66C06426}.Release|x86.Build.0 = Release|Any CPU
		{52134999-7E9A-40B7-B18C-F97D73A21F8A}.Debug|Any CPU.ActiveCfg = Debug|Any CPU
		{52134999-7E9A-40B7-B18C-F97D73A21F8A}.Debug|Any CPU.Build.0 = Debug|Any CPU
		{52134999-7E9A-40B7-B18C-F97D73A21F8A}.Debug|x64.ActiveCfg = Debug|Any CPU
		{52134999-7E9A-40B7-B18C-F97D73A21F8A}.Debug|x64.Build.0 = Debug|Any CPU
		{52134999-7E9A-40B7-B18C-F97D73A21F8A}.Debug|x86.ActiveCfg = Debug|Any CPU
		{52134999-7E9A-40B7-B18C-F97D73A21F8A}.Debug|x86.Build.0 = Debug|Any CPU
		{52134999-7E9A-40B7-B18C-F97D73A21F8A}.Release|Any CPU.ActiveCfg = Release|Any CPU
		{52134999-7E9A-40B7-B18C-F97D73A21F8A}.Release|Any CPU.Build.0 = Release|Any CPU
		{52134999-7E9A-40B7-B18C-F97D73A21F8A}.Release|x64.ActiveCfg = Release|Any CPU
		{52134999-7E9A-40B7-B18C-F97D73A21F8A}.Release|x64.Build.0 = Release|Any CPU
		{52134999-7E9A-40B7-B18C-F97D73A21F8A}.Release|x86.ActiveCfg = Release|Any CPU
		{52134999-7E9A-40B7-B18C-F97D73A21F8A}.Release|x86.Build.0 = Release|Any CPU
		{E0BAD7A7-67C2-4086-B6C6-9678BF45ED7B}.Debug|Any CPU.ActiveCfg = Debug|Any CPU
		{E0BAD7A7-67C2-4086-B6C6-9678BF45ED7B}.Debug|Any CPU.Build.0 = Debug|Any CPU
		{E0BAD7A7-67C2-4086-B6C6-9678BF45ED7B}.Debug|x64.ActiveCfg = Debug|Any CPU
		{E0BAD7A7-67C2-4086-B6C6-9678BF45ED7B}.Debug|x64.Build.0 = Debug|Any CPU
		{E0BAD7A7-67C2-4086-B6C6-9678BF45ED7B}.Debug|x86.ActiveCfg = Debug|Any CPU
		{E0BAD7A7-67C2-4086-B6C6-9678BF45ED7B}.Debug|x86.Build.0 = Debug|Any CPU
		{E0BAD7A7-67C2-4086-B6C6-9678BF45ED7B}.Release|Any CPU.ActiveCfg = Release|Any CPU
		{E0BAD7A7-67C2-4086-B6C6-9678BF45ED7B}.Release|Any CPU.Build.0 = Release|Any CPU
		{E0BAD7A7-67C2-4086-B6C6-9678BF45ED7B}.Release|x64.ActiveCfg = Release|Any CPU
		{E0BAD7A7-67C2-4086-B6C6-9678BF45ED7B}.Release|x64.Build.0 = Release|Any CPU
		{E0BAD7A7-67C2-4086-B6C6-9678BF45ED7B}.Release|x86.ActiveCfg = Release|Any CPU
		{E0BAD7A7-67C2-4086-B6C6-9678BF45ED7B}.Release|x86.Build.0 = Release|Any CPU
		{EBDEA537-2B69-4B67-9A28-4AD16CA70FA0}.Debug|Any CPU.ActiveCfg = Debug|Any CPU
		{EBDEA537-2B69-4B67-9A28-4AD16CA70FA0}.Debug|Any CPU.Build.0 = Debug|Any CPU
		{EBDEA537-2B69-4B67-9A28-4AD16CA70FA0}.Debug|x64.ActiveCfg = Debug|Any CPU
		{EBDEA537-2B69-4B67-9A28-4AD16CA70FA0}.Debug|x64.Build.0 = Debug|Any CPU
		{EBDEA537-2B69-4B67-9A28-4AD16CA70FA0}.Debug|x86.ActiveCfg = Debug|Any CPU
		{EBDEA537-2B69-4B67-9A28-4AD16CA70FA0}.Debug|x86.Build.0 = Debug|Any CPU
		{EBDEA537-2B69-4B67-9A28-4AD16CA70FA0}.Release|Any CPU.ActiveCfg = Release|Any CPU
		{EBDEA537-2B69-4B67-9A28-4AD16CA70FA0}.Release|Any CPU.Build.0 = Release|Any CPU
		{EBDEA537-2B69-4B67-9A28-4AD16CA70FA0}.Release|x64.ActiveCfg = Release|Any CPU
		{EBDEA537-2B69-4B67-9A28-4AD16CA70FA0}.Release|x64.Build.0 = Release|Any CPU
		{EBDEA537-2B69-4B67-9A28-4AD16CA70FA0}.Release|x86.ActiveCfg = Release|Any CPU
		{EBDEA537-2B69-4B67-9A28-4AD16CA70FA0}.Release|x86.Build.0 = Release|Any CPU
		{F51A1355-7578-419A-9B28-4F39244C930E}.Debug|Any CPU.ActiveCfg = Debug|Any CPU
		{F51A1355-7578-419A-9B28-4F39244C930E}.Debug|Any CPU.Build.0 = Debug|Any CPU
		{F51A1355-7578-419A-9B28-4F39244C930E}.Debug|x64.ActiveCfg = Debug|Any CPU
		{F51A1355-7578-419A-9B28-4F39244C930E}.Debug|x64.Build.0 = Debug|Any CPU
		{F51A1355-7578-419A-9B28-4F39244C930E}.Debug|x86.ActiveCfg = Debug|Any CPU
		{F51A1355-7578-419A-9B28-4F39244C930E}.Debug|x86.Build.0 = Debug|Any CPU
		{F51A1355-7578-419A-9B28-4F39244C930E}.Release|Any CPU.ActiveCfg = Release|Any CPU
		{F51A1355-7578-419A-9B28-4F39244C930E}.Release|Any CPU.Build.0 = Release|Any CPU
		{F51A1355-7578-419A-9B28-4F39244C930E}.Release|x64.ActiveCfg = Release|Any CPU
		{F51A1355-7578-419A-9B28-4F39244C930E}.Release|x64.Build.0 = Release|Any CPU
		{F51A1355-7578-419A-9B28-4F39244C930E}.Release|x86.ActiveCfg = Release|Any CPU
		{F51A1355-7578-419A-9B28-4F39244C930E}.Release|x86.Build.0 = Release|Any CPU
		{34036B23-7E79-420C-8103-2A700EF51F16}.Debug|Any CPU.ActiveCfg = Debug|Any CPU
		{34036B23-7E79-420C-8103-2A700EF51F16}.Debug|Any CPU.Build.0 = Debug|Any CPU
		{34036B23-7E79-420C-8103-2A700EF51F16}.Debug|x64.ActiveCfg = Debug|Any CPU
		{34036B23-7E79-420C-8103-2A700EF51F16}.Debug|x64.Build.0 = Debug|Any CPU
		{34036B23-7E79-420C-8103-2A700EF51F16}.Debug|x86.ActiveCfg = Debug|Any CPU
		{34036B23-7E79-420C-8103-2A700EF51F16}.Debug|x86.Build.0 = Debug|Any CPU
		{34036B23-7E79-420C-8103-2A700EF51F16}.Release|Any CPU.ActiveCfg = Release|Any CPU
		{34036B23-7E79-420C-8103-2A700EF51F16}.Release|Any CPU.Build.0 = Release|Any CPU
		{34036B23-7E79-420C-8103-2A700EF51F16}.Release|x64.ActiveCfg = Release|Any CPU
		{34036B23-7E79-420C-8103-2A700EF51F16}.Release|x64.Build.0 = Release|Any CPU
		{34036B23-7E79-420C-8103-2A700EF51F16}.Release|x86.ActiveCfg = Release|Any CPU
		{34036B23-7E79-420C-8103-2A700EF51F16}.Release|x86.Build.0 = Release|Any CPU
		{7155708A-0B52-44EC-BE6B-6D25C8D47FA8}.Debug|Any CPU.ActiveCfg = Debug|Any CPU
		{7155708A-0B52-44EC-BE6B-6D25C8D47FA8}.Debug|Any CPU.Build.0 = Debug|Any CPU
		{7155708A-0B52-44EC-BE6B-6D25C8D47FA8}.Debug|x64.ActiveCfg = Debug|Any CPU
		{7155708A-0B52-44EC-BE6B-6D25C8D47FA8}.Debug|x64.Build.0 = Debug|Any CPU
		{7155708A-0B52-44EC-BE6B-6D25C8D47FA8}.Debug|x86.ActiveCfg = Debug|Any CPU
		{7155708A-0B52-44EC-BE6B-6D25C8D47FA8}.Debug|x86.Build.0 = Debug|Any CPU
		{7155708A-0B52-44EC-BE6B-6D25C8D47FA8}.Release|Any CPU.ActiveCfg = Release|Any CPU
		{7155708A-0B52-44EC-BE6B-6D25C8D47FA8}.Release|Any CPU.Build.0 = Release|Any CPU
		{7155708A-0B52-44EC-BE6B-6D25C8D47FA8}.Release|x64.ActiveCfg = Release|Any CPU
		{7155708A-0B52-44EC-BE6B-6D25C8D47FA8}.Release|x64.Build.0 = Release|Any CPU
		{7155708A-0B52-44EC-BE6B-6D25C8D47FA8}.Release|x86.ActiveCfg = Release|Any CPU
		{7155708A-0B52-44EC-BE6B-6D25C8D47FA8}.Release|x86.Build.0 = Release|Any CPU
	EndGlobalSection
	GlobalSection(SolutionProperties) = preSolution
		HideSolutionNode = FALSE
	EndGlobalSection
	GlobalSection(NestedProjects) = preSolution
		{87D6A5B7-1BDD-434D-8478-2E8CC87ECF9D} = {827E0CD3-B72D-47B6-A68D-7590B98EB39B}
		{2401D875-FFFB-40AB-9084-944E66C06426} = {827E0CD3-B72D-47B6-A68D-7590B98EB39B}
		{52134999-7E9A-40B7-B18C-F97D73A21F8A} = {827E0CD3-B72D-47B6-A68D-7590B98EB39B}
		{E0BAD7A7-67C2-4086-B6C6-9678BF45ED7B} = {827E0CD3-B72D-47B6-A68D-7590B98EB39B}
		{EBDEA537-2B69-4B67-9A28-4AD16CA70FA0} = {827E0CD3-B72D-47B6-A68D-7590B98EB39B}
		{F51A1355-7578-419A-9B28-4F39244C930E} = {0AB3BF05-4346-4AA6-1389-037BE0695223}
		{34036B23-7E79-420C-8103-2A700EF51F16} = {0AB3BF05-4346-4AA6-1389-037BE0695223}
		{7155708A-0B52-44EC-BE6B-6D25C8D47FA8} = {0AB3BF05-4346-4AA6-1389-037BE0695223}
	EndGlobalSection
EndGlobal
